// !$*UTF8*$!
{
	archiveVersion = 1;
	classes = {
	};
	objectVersion = 77;
	objects = {

/* Begin PBXContainerItemProxy section */
		34A2BFC82CE97DD600F32620 /* PBXContainerItemProxy */ = {
			isa = PBXContainerItemProxy;
			containerPortal = 34A2BFA92CE97DD400F32620 /* Project object */;
			proxyType = 1;
			remoteGlobalIDString = 34A2BFB02CE97DD400F32620;
			remoteInfo = MeusFilmes;
		};
		34A2BFD22CE97DD600F32620 /* PBXContainerItemProxy */ = {
			isa = PBXContainerItemProxy;
			containerPortal = 34A2BFA92CE97DD400F32620 /* Project object */;
			proxyType = 1;
			remoteGlobalIDString = 34A2BFB02CE97DD400F32620;
			remoteInfo = MeusFilmes;
		};
/* End PBXContainerItemProxy section */

/* Begin PBXFileReference section */
		34A2BFB12CE97DD400F32620 /* MeusFilmes.app */ = {isa = PBXFileReference; explicitFileType = wrapper.application; includeInIndex = 0; path = MeusFilmes.app; sourceTree = BUILT_PRODUCTS_DIR; };
		34A2BFC72CE97DD600F32620 /* MeusFilmesTests.xctest */ = {isa = PBXFileReference; explicitFileType = wrapper.cfbundle; includeInIndex = 0; path = MeusFilmesTests.xctest; sourceTree = BUILT_PRODUCTS_DIR; };
		34A2BFD12CE97DD600F32620 /* MeusFilmesUITests.xctest */ = {isa = PBXFileReference; explicitFileType = wrapper.cfbundle; includeInIndex = 0; path = MeusFilmesUITests.xctest; sourceTree = BUILT_PRODUCTS_DIR; };
/* End PBXFileReference section */

/* Begin PBXFileSystemSynchronizedBuildFileExceptionSet section */
		34A2BFD92CE97DD600F32620 /* Exceptions for "MeusFilmes" folder in "MeusFilmes" target */ = {
			isa = PBXFileSystemSynchronizedBuildFileExceptionSet;
			membershipExceptions = (
				Info.plist,
			);
			target = 34A2BFB02CE97DD400F32620 /* MeusFilmes */;
		};
/* End PBXFileSystemSynchronizedBuildFileExceptionSet section */

/* Begin PBXFileSystemSynchronizedRootGroup section */
		34A2BFB32CE97DD400F32620 /* MeusFilmes */ = {
			isa = PBXFileSystemSynchronizedRootGroup;
			exceptions = (
				34A2BFD92CE97DD600F32620 /* Exceptions for "MeusFilmes" folder in "MeusFilmes" target */,
			);
			path = MeusFilmes;
			sourceTree = "<group>";
		};
		34A2BFCA2CE97DD600F32620 /* MeusFilmesTests */ = {
			isa = PBXFileSystemSynchronizedRootGroup;
			path = MeusFilmesTests;
			sourceTree = "<group>";
		};
		34A2BFD42CE97DD600F32620 /* MeusFilmesUITests */ = {
			isa = PBXFileSystemSynchronizedRootGroup;
			path = MeusFilmesUITests;
			sourceTree = "<group>";
		};
/* End PBXFileSystemSynchronizedRootGroup section */

/* Begin PBXFrameworksBuildPhase section */
		34A2BFAE2CE97DD400F32620 /* Frameworks */ = {
			isa = PBXFrameworksBuildPhase;
			buildActionMask = 2147483647;
			files = (
			);
			runOnlyForDeploymentPostprocessing = 0;
		};
		34A2BFC42CE97DD600F32620 /* Frameworks */ = {
			isa = PBXFrameworksBuildPhase;
			buildActionMask = 2147483647;
			files = (
			);
			runOnlyForDeploymentPostprocessing = 0;
		};
		34A2BFCE2CE97DD600F32620 /* Frameworks */ = {
			isa = PBXFrameworksBuildPhase;
			buildActionMask = 2147483647;
			files = (
			);
			runOnlyForDeploymentPostprocessing = 0;
		};
/* End PBXFrameworksBuildPhase section */

/* Begin PBXGroup section */
		34A2BFA82CE97DD400F32620 = {
			isa = PBXGroup;
			children = (
				34A2BFB32CE97DD400F32620 /* MeusFilmes */,
				34A2BFCA2CE97DD600F32620 /* MeusFilmesTests */,
				34A2BFD42CE97DD600F32620 /* MeusFilmesUITests */,
				34A2BFB22CE97DD400F32620 /* Products */,
			);
			sourceTree = "<group>";
		};
		34A2BFB22CE97DD400F32620 /* Products */ = {
			isa = PBXGroup;
			children = (
				34A2BFB12CE97DD400F32620 /* MeusFilmes.app */,
				34A2BFC72CE97DD600F32620 /* MeusFilmesTests.xctest */,
				34A2BFD12CE97DD600F32620 /* MeusFilmesUITests.xctest */,
			);
			name = Products;
			sourceTree = "<group>";
		};
/* End PBXGroup section */

/* Begin PBXNativeTarget section */
		34A2BFB02CE97DD400F32620 /* MeusFilmes */ = {
			isa = PBXNativeTarget;
			buildConfigurationList = 34A2BFDA2CE97DD600F32620 /* Build configuration list for PBXNativeTarget "MeusFilmes" */;
			buildPhases = (
				34A2BFAD2CE97DD400F32620 /* Sources */,
				34A2BFAE2CE97DD400F32620 /* Frameworks */,
				34A2BFAF2CE97DD400F32620 /* Resources */,
			);
			buildRules = (
			);
			dependencies = (
			);
			fileSystemSynchronizedGroups = (
				34A2BFB32CE97DD400F32620 /* MeusFilmes */,
			);
			name = MeusFilmes;
			packageProductDependencies = (
			);
			productName = MeusFilmes;
			productReference = 34A2BFB12CE97DD400F32620 /* MeusFilmes.app */;
			productType = "com.apple.product-type.application";
		};
		34A2BFC62CE97DD600F32620 /* MeusFilmesTests */ = {
			isa = PBXNativeTarget;
			buildConfigurationList = 34A2BFDF2CE97DD600F32620 /* Build configuration list for PBXNativeTarget "MeusFilmesTests" */;
			buildPhases = (
				34A2BFC32CE97DD600F32620 /* Sources */,
				34A2BFC42CE97DD600F32620 /* Frameworks */,
				34A2BFC52CE97DD600F32620 /* Resources */,
			);
			buildRules = (
			);
			dependencies = (
				34A2BFC92CE97DD600F32620 /* PBXTargetDependency */,
			);
			fileSystemSynchronizedGroups = (
				34A2BFCA2CE97DD600F32620 /* MeusFilmesTests */,
			);
			name = MeusFilmesTests;
			packageProductDependencies = (
			);
			productName = MeusFilmesTests;
			productReference = 34A2BFC72CE97DD600F32620 /* MeusFilmesTests.xctest */;
			productType = "com.apple.product-type.bundle.unit-test";
		};
		34A2BFD02CE97DD600F32620 /* MeusFilmesUITests */ = {
			isa = PBXNativeTarget;
			buildConfigurationList = 34A2BFE22CE97DD600F32620 /* Build configuration list for PBXNativeTarget "MeusFilmesUITests" */;
			buildPhases = (
				34A2BFCD2CE97DD600F32620 /* Sources */,
				34A2BFCE2CE97DD600F32620 /* Frameworks */,
				34A2BFCF2CE97DD600F32620 /* Resources */,
			);
			buildRules = (
			);
			dependencies = (
				34A2BFD32CE97DD600F32620 /* PBXTargetDependency */,
			);
			fileSystemSynchronizedGroups = (
				34A2BFD42CE97DD600F32620 /* MeusFilmesUITests */,
			);
			name = MeusFilmesUITests;
			packageProductDependencies = (
			);
			productName = MeusFilmesUITests;
			productReference = 34A2BFD12CE97DD600F32620 /* MeusFilmesUITests.xctest */;
			productType = "com.apple.product-type.bundle.ui-testing";
		};
/* End PBXNativeTarget section */

/* Begin PBXProject section */
		34A2BFA92CE97DD400F32620 /* Project object */ = {
			isa = PBXProject;
			attributes = {
				BuildIndependentTargetsInParallel = 1;
				LastSwiftUpdateCheck = 1610;
				LastUpgradeCheck = 1610;
				TargetAttributes = {
					34A2BFB02CE97DD400F32620 = {
						CreatedOnToolsVersion = 16.1;
					};
					34A2BFC62CE97DD600F32620 = {
						CreatedOnToolsVersion = 16.1;
						TestTargetID = 34A2BFB02CE97DD400F32620;
					};
					34A2BFD02CE97DD600F32620 = {
						CreatedOnToolsVersion = 16.1;
						TestTargetID = 34A2BFB02CE97DD400F32620;
					};
				};
			};
			buildConfigurationList = 34A2BFAC2CE97DD400F32620 /* Build configuration list for PBXProject "MeusFilmes" */;
			developmentRegion = en;
			hasScannedForEncodings = 0;
			knownRegions = (
				en,
				Base,
			);
			mainGroup = 34A2BFA82CE97DD400F32620;
			minimizedProjectReferenceProxies = 1;
			preferredProjectObjectVersion = 77;
			productRefGroup = 34A2BFB22CE97DD400F32620 /* Products */;
			projectDirPath = "";
			projectRoot = "";
			targets = (
				34A2BFB02CE97DD400F32620 /* MeusFilmes */,
				34A2BFC62CE97DD600F32620 /* MeusFilmesTests */,
				34A2BFD02CE97DD600F32620 /* MeusFilmesUITests */,
			);
		};
/* End PBXProject section */

/* Begin PBXResourcesBuildPhase section */
		34A2BFAF2CE97DD400F32620 /* Resources */ = {
			isa = PBXResourcesBuildPhase;
			buildActionMask = 2147483647;
			files = (
			);
			runOnlyForDeploymentPostprocessing = 0;
		};
		34A2BFC52CE97DD600F32620 /* Resources */ = {
			isa = PBXResourcesBuildPhase;
			buildActionMask = 2147483647;
			files = (
			);
			runOnlyForDeploymentPostprocessing = 0;
		};
		34A2BFCF2CE97DD600F32620 /* Resources */ = {
			isa = PBXResourcesBuildPhase;
			buildActionMask = 2147483647;
			files = (
			);
			runOnlyForDeploymentPostprocessing = 0;
		};
/* End PBXResourcesBuildPhase section */

/* Begin PBXSourcesBuildPhase section */
		34A2BFAD2CE97DD400F32620 /* Sources */ = {
			isa = PBXSourcesBuildPhase;
			buildActionMask = 2147483647;
			files = (
			);
			runOnlyForDeploymentPostprocessing = 0;
		};
		34A2BFC32CE97DD600F32620 /* Sources */ = {
			isa = PBXSourcesBuildPhase;
			buildActionMask = 2147483647;
			files = (
			);
			runOnlyForDeploymentPostprocessing = 0;
		};
		34A2BFCD2CE97DD600F32620 /* Sources */ = {
			isa = PBXSourcesBuildPhase;
			buildActionMask = 2147483647;
			files = (
			);
			runOnlyForDeploymentPostprocessing = 0;
		};
/* End PBXSourcesBuildPhase section */

/* Begin PBXTargetDependency section */
		34A2BFC92CE97DD600F32620 /* PBXTargetDependency */ = {
			isa = PBXTargetDependency;
			target = 34A2BFB02CE97DD400F32620 /* MeusFilmes */;
			targetProxy = 34A2BFC82CE97DD600F32620 /* PBXContainerItemProxy */;
		};
		34A2BFD32CE97DD600F32620 /* PBXTargetDependency */ = {
			isa = PBXTargetDependency;
			target = 34A2BFB02CE97DD400F32620 /* MeusFilmes */;
			targetProxy = 34A2BFD22CE97DD600F32620 /* PBXContainerItemProxy */;
		};
/* End PBXTargetDependency section */

/* Begin XCBuildConfiguration section */
		34A2BFDB2CE97DD600F32620 /* Debug */ = {
			isa = XCBuildConfiguration;
			buildSettings = {
				ASSETCATALOG_COMPILER_APPICON_NAME = AppIcon;
				ASSETCATALOG_COMPILER_GLOBAL_ACCENT_COLOR_NAME = AccentColor;
				CODE_SIGN_STYLE = Automatic;
				CURRENT_PROJECT_VERSION = 1;
				GENERATE_INFOPLIST_FILE = YES;
				INFOPLIST_FILE = MeusFilmes/Info.plist;
				INFOPLIST_KEY_UIApplicationSupportsIndirectInputEvents = YES;
				INFOPLIST_KEY_UILaunchStoryboardName = LaunchScreen;
				INFOPLIST_KEY_UIMainStoryboardFile = Main;
				INFOPLIST_KEY_UISupportedInterfaceOrientations_iPad = "UIInterfaceOrientationPortrait UIInterfaceOrientationPortraitUpsideDown UIInterfaceOrientationLandscapeLeft UIInterfaceOrientationLandscapeRight";
				INFOPLIST_KEY_UISupportedInterfaceOrientations_iPhone = "UIInterfaceOrientationPortrait UIInterfaceOrientationLandscapeLeft UIInterfaceOrientationLandscapeRight";
				LD_RUNPATH_SEARCH_PATHS = (
					"$(inherited)",
					"@executable_path/Frameworks",
				);
				MARKETING_VERSION = 1.0;
				PRODUCT_BUNDLE_IDENTIFIER = "john-labs.MeusFilmes";
				PRODUCT_NAME = "$(TARGET_NAME)";
				SWIFT_EMIT_LOC_STRINGS = YES;
				SWIFT_VERSION = 5.0;
				TARGETED_DEVICE_FAMILY = "1,2";
			};
			name = Debug;
		};
		34A2BFDC2CE97DD600F32620 /* Release */ = {
			isa = XCBuildConfiguration;
			buildSettings = {
				ASSETCATALOG_COMPILER_APPICON_NAME = AppIcon;
				ASSETCATALOG_COMPILER_GLOBAL_ACCENT_COLOR_NAME = AccentColor;
				CODE_SIGN_STYLE = Automatic;
				CURRENT_PROJECT_VERSION = 1;
				GENERATE_INFOPLIST_FILE = YES;
				INFOPLIST_FILE = MeusFilmes/Info.plist;
				INFOPLIST_KEY_UIApplicationSupportsIndirectInputEvents = YES;
				INFOPLIST_KEY_UILaunchStoryboardName = LaunchScreen;
				INFOPLIST_KEY_UIMainStoryboardFile = Main;
				INFOPLIST_KEY_UISupportedInterfaceOrientations_iPad = "UIInterfaceOrientationPortrait UIInterfaceOrientationPortraitUpsideDown UIInterfaceOrientationLandscapeLeft UIInterfaceOrientationLandscapeRight";
				INFOPLIST_KEY_UISupportedInterfaceOrientations_iPhone = "UIInterfaceOrientationPortrait UIInterfaceOrientationLandscapeLeft UIInterfaceOrientationLandscapeRight";
				LD_RUNPATH_SEARCH_PATHS = (
					"$(inherited)",
					"@executable_path/Frameworks",
				);
				MARKETING_VERSION = 1.0;
				PRODUCT_BUNDLE_IDENTIFIER = "john-labs.MeusFilmes";
				PRODUCT_NAME = "$(TARGET_NAME)";
				SWIFT_EMIT_LOC_STRINGS = YES;
				SWIFT_VERSION = 5.0;
				TARGETED_DEVICE_FAMILY = "1,2";
			};
			name = Release;
		};
		34A2BFDD2CE97DD600F32620 /* Debug */ = {
			isa = XCBuildConfiguration;
			buildSettings = {
				ALWAYS_SEARCH_USER_PATHS = NO;
				ASSETCATALOG_COMPILER_GENERATE_SWIFT_ASSET_SYMBOL_EXTENSIONS = YES;
				CLANG_ANALYZER_NONNULL = YES;
				CLANG_ANALYZER_NUMBER_OBJECT_CONVERSION = YES_AGGRESSIVE;
				CLANG_CXX_LANGUAGE_STANDARD = "gnu++20";
				CLANG_ENABLE_MODULES = YES;
				CLANG_ENABLE_OBJC_ARC = YES;
				CLANG_ENABLE_OBJC_WEAK = YES;
				CLANG_WARN_BLOCK_CAPTURE_AUTORELEASING = YES;
				CLANG_WARN_BOOL_CONVERSION = YES;
				CLANG_WARN_COMMA = YES;
				CLANG_WARN_CONSTANT_CONVERSION = YES;
				CLANG_WARN_DEPRECATED_OBJC_IMPLEMENTATIONS = YES;
				CLANG_WARN_DIRECT_OBJC_ISA_USAGE = YES_ERROR;
				CLANG_WARN_DOCUMENTATION_COMMENTS = YES;
				CLANG_WARN_EMPTY_BODY = YES;
				CLANG_WARN_ENUM_CONVERSION = YES;
				CLANG_WARN_INFINITE_RECURSION = YES;
				CLANG_WARN_INT_CONVERSION = YES;
				CLANG_WARN_NON_LITERAL_NULL_CONVERSION = YES;
				CLANG_WARN_OBJC_IMPLICIT_RETAIN_SELF = YES;
				CLANG_WARN_OBJC_LITERAL_CONVERSION = YES;
				CLANG_WARN_OBJC_ROOT_CLASS = YES_ERROR;
				CLANG_WARN_QUOTED_INCLUDE_IN_FRAMEWORK_HEADER = YES;
				CLANG_WARN_RANGE_LOOP_ANALYSIS = YES;
				CLANG_WARN_STRICT_PROTOTYPES = YES;
				CLANG_WARN_SUSPICIOUS_MOVE = YES;
				CLANG_WARN_UNGUARDED_AVAILABILITY = YES_AGGRESSIVE;
				CLANG_WARN_UNREACHABLE_CODE = YES;
				CLANG_WARN__DUPLICATE_METHOD_MATCH = YES;
				COPY_PHASE_STRIP = NO;
				DEBUG_INFORMATION_FORMAT = dwarf;
				ENABLE_STRICT_OBJC_MSGSEND = YES;
				ENABLE_TESTABILITY = YES;
				ENABLE_USER_SCRIPT_SANDBOXING = YES;
				GCC_C_LANGUAGE_STANDARD = gnu17;
				GCC_DYNAMIC_NO_PIC = NO;
				GCC_NO_COMMON_BLOCKS = YES;
				GCC_OPTIMIZATION_LEVEL = 0;
				GCC_PREPROCESSOR_DEFINITIONS = (
					"DEBUG=1",
					"$(inherited)",
				);
				GCC_WARN_64_TO_32_BIT_CONVERSION = YES;
				GCC_WARN_ABOUT_RETURN_TYPE = YES_ERROR;
				GCC_WARN_UNDECLARED_SELECTOR = YES;
				GCC_WARN_UNINITIALIZED_AUTOS = YES_AGGRESSIVE;
				GCC_WARN_UNUSED_FUNCTION = YES;
				GCC_WARN_UNUSED_VARIABLE = YES;
				IPHONEOS_DEPLOYMENT_TARGET = 18.1;
				LOCALIZATION_PREFERS_STRING_CATALOGS = YES;
				MTL_ENABLE_DEBUG_INFO = INCLUDE_SOURCE;
				MTL_FAST_MATH = YES;
				ONLY_ACTIVE_ARCH = YES;
				SDKROOT = iphoneos;
				SWIFT_ACTIVE_COMPILATION_CONDITIONS = "DEBUG $(inherited)";
				SWIFT_OPTIMIZATION_LEVEL = "-Onone";
			};
			name = Debug;
		};
		34A2BFDE2CE97DD600F32620 /* Release */ = {
			isa = XCBuildConfiguration;
			buildSettings = {
				ALWAYS_SEARCH_USER_PATHS = NO;
				ASSETCATALOG_COMPILER_GENERATE_SWIFT_ASSET_SYMBOL_EXTENSIONS = YES;
				CLANG_ANALYZER_NONNULL = YES;
				CLANG_ANALYZER_NUMBER_OBJECT_CONVERSION = YES_AGGRESSIVE;
				CLANG_CXX_LANGUAGE_STANDARD = "gnu++20";
				CLANG_ENABLE_MODULES = YES;
				CLANG_ENABLE_OBJC_ARC = YES;
				CLANG_ENABLE_OBJC_WEAK = YES;
				CLANG_WARN_BLOCK_CAPTURE_AUTORELEASING = YES;
				CLANG_WARN_BOOL_CONVERSION = YES;
				CLANG_WARN_COMMA = YES;
				CLANG_WARN_CONSTANT_CONVERSION = YES;
				CLANG_WARN_DEPRECATED_OBJC_IMPLEMENTATIONS = YES;
				CLANG_WARN_DIRECT_OBJC_ISA_USAGE = YES_ERROR;
				CLANG_WARN_DOCUMENTATION_COMMENTS = YES;
				CLANG_WARN_EMPTY_BODY = YES;
				CLANG_WARN_ENUM_CONVERSION = YES;
				CLANG_WARN_INFINITE_RECURSION = YES;
				CLANG_WARN_INT_CONVERSION = YES;
				CLANG_WARN_NON_LITERAL_NULL_CONVERSION = YES;
				CLANG_WARN_OBJC_IMPLICIT_RETAIN_SELF = YES;
				CLANG_WARN_OBJC_LITERAL_CONVERSION = YES;
				CLANG_WARN_OBJC_ROOT_CLASS = YES_ERROR;
				CLANG_WARN_QUOTED_INCLUDE_IN_FRAMEWORK_HEADER = YES;
				CLANG_WARN_RANGE_LOOP_ANALYSIS = YES;
				CLANG_WARN_STRICT_PROTOTYPES = YES;
				CLANG_WARN_SUSPICIOUS_MOVE = YES;
				CLANG_WARN_UNGUARDED_AVAILABILITY = YES_AGGRESSIVE;
				CLANG_WARN_UNREACHABLE_CODE = YES;
				CLANG_WARN__DUPLICATE_METHOD_MATCH = YES;
				COPY_PHASE_STRIP = NO;
				DEBUG_INFORMATION_FORMAT = "dwarf-with-dsym";
				ENABLE_NS_ASSERTIONS = NO;
				ENABLE_STRICT_OBJC_MSGSEND = YES;
				ENABLE_USER_SCRIPT_SANDBOXING = YES;
				GCC_C_LANGUAGE_STANDARD = gnu17;
				GCC_NO_COMMON_BLOCKS = YES;
				GCC_WARN_64_TO_32_BIT_CONVERSION = YES;
				GCC_WARN_ABOUT_RETURN_TYPE = YES_ERROR;
				GCC_WARN_UNDECLARED_SELECTOR = YES;
				GCC_WARN_UNINITIALIZED_AUTOS = YES_AGGRESSIVE;
				GCC_WARN_UNUSED_FUNCTION = YES;
				GCC_WARN_UNUSED_VARIABLE = YES;
				IPHONEOS_DEPLOYMENT_TARGET = 18.1;
				LOCALIZATION_PREFERS_STRING_CATALOGS = YES;
				MTL_ENABLE_DEBUG_INFO = NO;
				MTL_FAST_MATH = YES;
				SDKROOT = iphoneos;
				SWIFT_COMPILATION_MODE = wholemodule;
				VALIDATE_PRODUCT = YES;
			};
			name = Release;
		};
		34A2BFE02CE97DD600F32620 /* Debug */ = {
			isa = XCBuildConfiguration;
			buildSettings = {
				BUNDLE_LOADER = "$(TEST_HOST)";
				CODE_SIGN_STYLE = Automatic;
				CURRENT_PROJECT_VERSION = 1;
				GENERATE_INFOPLIST_FILE = YES;
				IPHONEOS_DEPLOYMENT_TARGET = 18.1;
				MARKETING_VERSION = 1.0;
				PRODUCT_BUNDLE_IDENTIFIER = "john-labs.MeusFilmesTests";
				PRODUCT_NAME = "$(TARGET_NAME)";
				SWIFT_EMIT_LOC_STRINGS = NO;
				SWIFT_VERSION = 5.0;
				TARGETED_DEVICE_FAMILY = "1,2";
				TEST_HOST = "$(BUILT_PRODUCTS_DIR)/MeusFilmes.app/$(BUNDLE_EXECUTABLE_FOLDER_PATH)/MeusFilmes";
			};
			name = Debug;
		};
		34A2BFE12CE97DD600F32620 /* Release */ = {
			isa = XCBuildConfiguration;
			buildSettings = {
				BUNDLE_LOADER = "$(TEST_HOST)";
				CODE_SIGN_STYLE = Automatic;
				CURRENT_PROJECT_VERSION = 1;
				GENERATE_INFOPLIST_FILE = YES;
				IPHONEOS_DEPLOYMENT_TARGET = 18.1;
				MARKETING_VERSION = 1.0;
				PRODUCT_BUNDLE_IDENTIFIER = "john-labs.MeusFilmesTests";
				PRODUCT_NAME = "$(TARGET_NAME)";
				SWIFT_EMIT_LOC_STRINGS = NO;
				SWIFT_VERSION = 5.0;
				TARGETED_DEVICE_FAMILY = "1,2";
				TEST_HOST = "$(BUILT_PRODUCTS_DIR)/MeusFilmes.app/$(BUNDLE_EXECUTABLE_FOLDER_PATH)/MeusFilmes";
			};
			name = Release;
		};
		34A2BFE32CE97DD600F32620 /* Debug */ = {
			isa = XCBuildConfiguration;
			buildSettings = {
				CODE_SIGN_STYLE = Automatic;
				CURRENT_PROJECT_VERSION = 1;
				GENERATE_INFOPLIST_FILE = YES;
				MARKETING_VERSION = 1.0;
				PRODUCT_BUNDLE_IDENTIFIER = "john-labs.MeusFilmesUITests";
				PRODUCT_NAME = "$(TARGET_NAME)";
				SWIFT_EMIT_LOC_STRINGS = NO;
				SWIFT_VERSION = 5.0;
				TARGETED_DEVICE_FAMILY = "1,2";
				TEST_TARGET_NAME = MeusFilmes;
			};
			name = Debug;
		};
		34A2BFE42CE97DD600F32620 /* Release */ = {
			isa = XCBuildConfiguration;
			buildSettings = {
				CODE_SIGN_STYLE = Automatic;
				CURRENT_PROJECT_VERSION = 1;
				GENERATE_INFOPLIST_FILE = YES;
				MARKETING_VERSION = 1.0;
				PRODUCT_BUNDLE_IDENTIFIER = "john-labs.MeusFilmesUITests";
				PRODUCT_NAME = "$(TARGET_NAME)";
				SWIFT_EMIT_LOC_STRINGS = NO;
				SWIFT_VERSION = 5.0;
				TARGETED_DEVICE_FAMILY = "1,2";
				TEST_TARGET_NAME = MeusFilmes;
			};
			name = Release;
		};
/* End XCBuildConfiguration section */

/* Begin XCConfigurationList section */
		34A2BFAC2CE97DD400F32620 /* Build configuration list for PBXProject "MeusFilmes" */ = {
			isa = XCConfigurationList;
			buildConfigurations = (
				34A2BFDD2CE97DD600F32620 /* Debug */,
				34A2BFDE2CE97DD600F32620 /* Release */,
			);
			defaultConfigurationIsVisible = 0;
			defaultConfigurationName = Release;
		};
		34A2BFDA2CE97DD600F32620 /* Build configuration list for PBXNativeTarget "MeusFilmes" */ = {
			isa = XCConfigurationList;
			buildConfigurations = (
				34A2BFDB2CE97DD600F32620 /* Debug */,
				34A2BFDC2CE97DD600F32620 /* Release */,
			);
			defaultConfigurationIsVisible = 0;
			defaultConfigurationName = Release;
		};
		34A2BFDF2CE97DD600F32620 /* Build configuration list for PBXNativeTarget "MeusFilmesTests" */ = {
			isa = XCConfigurationList;
			buildConfigurations = (
				34A2BFE02CE97DD600F32620 /* Debug */,
				34A2BFE12CE97DD600F32620 /* Release */,
			);
			defaultConfigurationIsVisible = 0;
			defaultConfigurationName = Release;
		};
		34A2BFE22CE97DD600F32620 /* Build configuration list for PBXNativeTarget "MeusFilmesUITests" */ = {
			isa = XCConfigurationList;
			buildConfigurations = (
				34A2BFE32CE97DD600F32620 /* Debug */,
				34A2BFE42CE97DD600F32620 /* Release */,
			);
			defaultConfigurationIsVisible = 0;
			defaultConfigurationName = Release;
		};
/* End XCConfigurationList section */
	};
	rootObject = 34A2BFA92CE97DD400F32620 /* Project object */;
}
